
Microsoft Visual Studio Solution File, Format Version 12.00
# Visual Studio 2013
VisualStudioVersion = 12.0.30110.0
MinimumVisualStudioVersion = 10.0.40219.1
Project("{FAE04EC0-301F-11D3-BF4B-00C04F79EFBC}") = "logging", "logging\logging.csproj", "{F14A6673-B599-4C8B-A0F9-FBC115329966}"
EndProject
Project("{FAE04EC0-301F-11D3-BF4B-00C04F79EFBC}") = "ECRU.EventBus.Test", "ECRU.EventBus.Test\ECRU.EventBus.Test.csproj", "{9A19AF0B-B14E-4244-8066-B7AB46E5B9CC}"
EndProject
Project("{FAE04EC0-301F-11D3-BF4B-00C04F79EFBC}") = "ECRU", "ECRU\ECRU.csproj", "{D1EFA9D6-C2D5-4C75-8A37-748B5AD9C576}"
EndProject
Project("{FAE04EC0-301F-11D3-BF4B-00C04F79EFBC}") = "ECRU.EventBus", "ECRU.EventBus\ECRU.EventBus.csproj", "{A161B854-6858-4A85-B70D-B949F042B2D4}"
EndProject
Project("{2150E333-8FDC-42A3-9474-1A3956D46DE8}") = "Solution Items", "Solution Items", "{70B2D6DA-AB56-48A8-AD27-60291F3B6580}"
	ProjectSection(SolutionItems) = preProject
		TextFile1.txt = TextFile1.txt
	EndProjectSection
EndProject
Global
	GlobalSection(SubversionScc) = preSolution
		Svn-Managed = True
		Manager = AnkhSVN - Subversion Support for Visual Studio
	EndGlobalSection
	GlobalSection(SolutionConfigurationPlatforms) = preSolution
		Debug|Any CPU = Debug|Any CPU
		Release|Any CPU = Release|Any CPU
	EndGlobalSection
	GlobalSection(ProjectConfigurationPlatforms) = postSolution
		{F14A6673-B599-4C8B-A0F9-FBC115329966}.Debug|Any CPU.ActiveCfg = Debug|Any CPU
		{F14A6673-B599-4C8B-A0F9-FBC115329966}.Debug|Any CPU.Build.0 = Debug|Any CPU
		{F14A6673-B599-4C8B-A0F9-FBC115329966}.Release|Any CPU.ActiveCfg = Release|Any CPU
		{F14A6673-B599-4C8B-A0F9-FBC115329966}.Release|Any CPU.Build.0 = Release|Any CPU
		{9A19AF0B-B14E-4244-8066-B7AB46E5B9CC}.Debug|Any CPU.ActiveCfg = Debug|Any CPU
		{9A19AF0B-B14E-4244-8066-B7AB46E5B9CC}.Debug|Any CPU.Build.0 = Debug|Any CPU
		{9A19AF0B-B14E-4244-8066-B7AB46E5B9CC}.Release|Any CPU.ActiveCfg = Release|Any CPU
		{9A19AF0B-B14E-4244-8066-B7AB46E5B9CC}.Release|Any CPU.Build.0 = Release|Any CPU
		{D1EFA9D6-C2D5-4C75-8A37-748B5AD9C576}.Debug|Any CPU.ActiveCfg = Debug|Any CPU
		{D1EFA9D6-C2D5-4C75-8A37-748B5AD9C576}.Debug|Any CPU.Build.0 = Debug|Any CPU
		{D1EFA9D6-C2D5-4C75-8A37-748B5AD9C576}.Debug|Any CPU.Deploy.0 = Debug|Any CPU
		{D1EFA9D6-C2D5-4C75-8A37-748B5AD9C576}.Release|Any CPU.ActiveCfg = Release|Any CPU
		{D1EFA9D6-C2D5-4C75-8A37-748B5AD9C576}.Release|Any CPU.Build.0 = Release|Any CPU
		{D1EFA9D6-C2D5-4C75-8A37-748B5AD9C576}.Release|Any CPU.Deploy.0 = Release|Any CPU
		{A161B854-6858-4A85-B70D-B949F042B2D4}.Debug|Any CPU.ActiveCfg = Debug|Any CPU
		{A161B854-6858-4A85-B70D-B949F042B2D4}.Debug|Any CPU.Build.0 = Debug|Any CPU
		{A161B854-6858-4A85-B70D-B949F042B2D4}.Release|Any CPU.ActiveCfg = Release|Any CPU
		{A161B854-6858-4A85-B70D-B949F042B2D4}.Release|Any CPU.Build.0 = Release|Any CPU
	EndGlobalSection
	GlobalSection(SolutionProperties) = preSolution
		HideSolutionNode = FALSE
	EndGlobalSection
EndGlobal
